{
  "nodes": {
    "nixpkgs": {
      "locked": {
        "lastModified": 1742268799,
        "narHash": "sha256-IhnK4LhkBlf14/F8THvUy3xi/TxSQkp9hikfDZRD4Ic=",
        "rev": "da044451c6a70518db5b730fe277b70f494188f1",
        "revCount": 715814,
        "type": "tarball",
        "url": "https://api.flakehub.com/f/pinned/NixOS/nixpkgs/0.2411.715814%2Brev-da044451c6a70518db5b730fe277b70f494188f1/0195a953-6802-701a-a1d1-1b8453be1416/source.tar.gz"
      },
      "original": {
        "type": "tarball",
        "url": "https://flakehub.com/f/NixOS/nixpkgs/%2A"
      }
    },
    "root": {
      "inputs": {
        "nixpkgs": "nixpkgs",
        "rust-overlay": "rust-overlay"
      }
    },
    "rust-overlay": {
      "inputs": {
        "nixpkgs": [
          "nixpkgs"
        ]
      },
      "locked": {
        "lastModified": 1739845646,
        "narHash": "sha256-UGQVBU/yDn6u0kAE4z1PYrOaaf3wl+gAAv5rui2TkFQ=",
        "owner": "oxalica",
        "repo": "rust-overlay",
        "rev": "ab2cd2b8b25ab3f65b8ce4aa701a6d69fbb0210f",
        "type": "github"
      },
      "original": {
        "owner": "oxalica",
        "repo": "rust-overlay",
        "type": "github"
      }
    }
  },
  "root": "root",
  "version": 7
}
